
Microsoft Visual Studio Solution File, Format Version 12.00
# Visual Studio Version 16
VisualStudioVersion = 16.0.31613.86
MinimumVisualStudioVersion = 10.0.40219.1
Project("{FAE04EC0-301F-11D3-BF4B-00C04F79EFBC}") = "Vesela Apostolova-2101681070", "Vesela Apostolova-2101681070.csproj", "{8881B9A1-B434-4057-9ED5-1C50A235003E}"
EndProject
Global
	GlobalSection(SolutionConfigurationPlatforms) = preSolution
		Debug|Any CPU = Debug|Any CPU
		Release|Any CPU = Release|Any CPU
	EndGlobalSection
	GlobalSection(ProjectConfigurationPlatforms) = postSolution
		{8881B9A1-B434-4057-9ED5-1C50A235003E}.Debug|Any CPU.ActiveCfg = Debug|Any CPU
		{8881B9A1-B434-4057-9ED5-1C50A235003E}.Debug|Any CPU.Build.0 = Debug|Any CPU
		{8881B9A1-B434-4057-9ED5-1C50A235003E}.Release|Any CPU.ActiveCfg = Release|Any CPU
		{8881B9A1-B434-4057-9ED5-1C50A235003E}.Release|Any CPU.Build.0 = Release|Any CPU
	EndGlobalSection
	GlobalSection(SolutionProperties) = preSolution
		HideSolutionNode = FALSE
	EndGlobalSection
	GlobalSection(ExtensibilityGlobals) = postSolution
		SolutionGuid = {72D76E33-56BD-4F74-8102-751875F07A6E}
	EndGlobalSection
EndGlobal
